// !$*UTF8*$!
{
	archiveVersion = 1;
	classes = {
	};
	objectVersion = 77;
	objects = {

/* Begin PBXBuildFile section */
		2C1EEA09DBA2CD7C3EC1FAFC /* RelaxationAppApp.swift in Sources */ = {isa = PBXBuildFile; fileRef = BDA9DF487D46D80EB10E3750 /* RelaxationAppApp.swift */; };
		3450F44044CC2FF00BAEF398 /* BreathingExerciseMath.swift in Sources */ = {isa = PBXBuildFile; fileRef = C07EA84CA6FB5F3E8ACE4B61 /* BreathingExerciseMath.swift */; };
		4AEFA6342E8B9EBF71480286 /* BreathingExerciseMath.swift in Sources */ = {isa = PBXBuildFile; fileRef = C07EA84CA6FB5F3E8ACE4B61 /* BreathingExerciseMath.swift */; };
		4E7A20CF2D2C0A4DB2BA02CF /* BreathingMethod.swift in Sources */ = {isa = PBXBuildFile; fileRef = 744002A7502609DB44B28D7A /* BreathingMethod.swift */; };
		56EA7B84CAA01528009DAFA7 /* BreathingPhase.swift in Sources */ = {isa = PBXBuildFile; fileRef = 1D033BFD2D1DEB51A1B33104 /* BreathingPhase.swift */; };
		69AEF770C208C60B926F7F7B /* RelaxationWatchExtensionApp.swift in Sources */ = {isa = PBXBuildFile; fileRef = C9A73CAD34CD6ADEED4A87CE /* RelaxationWatchExtensionApp.swift */; };
		6CFF1E6D6849BC9417FADB8A /* BreathingView.swift in Sources */ = {isa = PBXBuildFile; fileRef = 2E9936D699991D5B51238A1C /* BreathingView.swift */; };
		6FEDB1E0E4A56F139431A858 /* SoundMode.swift in Sources */ = {isa = PBXBuildFile; fileRef = 4A72C75180958234DFE6F93E /* SoundMode.swift */; };
		731650ABBF5F78DA97777E80 /* WatchTheme.swift in Sources */ = {isa = PBXBuildFile; fileRef = 60B23433FFBA0832FA8C3B54 /* WatchTheme.swift */; };
		7A9824212557BC1D2CD33403 /* SoundMode.swift in Sources */ = {isa = PBXBuildFile; fileRef = 4A72C75180958234DFE6F93E /* SoundMode.swift */; };
		8607E013B0AD224F9618DF87 /* Assets.xcassets in Resources */ = {isa = PBXBuildFile; fileRef = 785084DC8F116786CF3B029C /* Assets.xcassets */; };
		89C30F96937B75C5E422B634 /* WatchHomeView.swift in Sources */ = {isa = PBXBuildFile; fileRef = 3ECDCCDF3610E7CC62EBC0BD /* WatchHomeView.swift */; };
		8C4C9CB3DBDB6BB7B9E5A8FF /* RelaxationWatchApp.app in Embed Watch Content */ = {isa = PBXBuildFile; fileRef = 9221D869BB4E0247BD3B9D83 /* RelaxationWatchApp.app */; settings = {ATTRIBUTES = (RemoveHeadersOnCopy, ); }; };
		A689F08BB14AB0A406473E98 /* FeedbackService.swift in Sources */ = {isa = PBXBuildFile; fileRef = BD8672DD74656C11E4AFF079 /* FeedbackService.swift */; };
		D4604F2BDE6C775EC9C53470 /* RelaxationTheme.swift in Sources */ = {isa = PBXBuildFile; fileRef = 2B96C03FB1093FEC6EE1B678 /* RelaxationTheme.swift */; };
		DAF0403843ABB4D312E0AADA /* RelaxationWatchExtension.appex in Embed Foundation Extensions */ = {isa = PBXBuildFile; fileRef = DB13650177ADF458447ED4A5 /* RelaxationWatchExtension.appex */; settings = {ATTRIBUTES = (RemoveHeadersOnCopy, ); }; };
		E2EB985DC61AAB2D5B7AFC68 /* HomeView.swift in Sources */ = {isa = PBXBuildFile; fileRef = 214F1C97BA7F8422CF229D67 /* HomeView.swift */; };
		E65ED63751AD7F49EA93F989 /* BreathingPhase.swift in Sources */ = {isa = PBXBuildFile; fileRef = 1D033BFD2D1DEB51A1B33104 /* BreathingPhase.swift */; };
		EAF2F50D048BEE9F0768E456 /* WatchBreathingSessionView.swift in Sources */ = {isa = PBXBuildFile; fileRef = 05F501B9CB3918830C6CF2B4 /* WatchBreathingSessionView.swift */; };
		ECCEBD35429DD8F4381EF5E0 /* BreathingMethod.swift in Sources */ = {isa = PBXBuildFile; fileRef = 744002A7502609DB44B28D7A /* BreathingMethod.swift */; };
		F9AAB00963909AB312462930 /* MethodCardView.swift in Sources */ = {isa = PBXBuildFile; fileRef = 8E85B94C4FE8FD70200D04FD /* MethodCardView.swift */; };
		FEB8BCB33524D48D006C3AC8 /* Assets.xcassets in Resources */ = {isa = PBXBuildFile; fileRef = D5FF45AC08D150CD3F0C7FB6 /* Assets.xcassets */; };
/* End PBXBuildFile section */

/* Begin PBXContainerItemProxy section */
		163BC35B96B8E7268B742441 /* PBXContainerItemProxy */ = {
			isa = PBXContainerItemProxy;
			containerPortal = 8AAFB5DD4D952206FDE3EB9D /* Project object */;
			proxyType = 1;
			remoteGlobalIDString = BEBA5216CB42BF35E578FF92;
			remoteInfo = RelaxationWatchExtension;
		};
		B3C302A616C2BA5F2F9DCE14 /* PBXContainerItemProxy */ = {
			isa = PBXContainerItemProxy;
			containerPortal = 8AAFB5DD4D952206FDE3EB9D /* Project object */;
			proxyType = 1;
			remoteGlobalIDString = 2A31755819EE6CC3343CDB52;
			remoteInfo = RelaxationWatchApp;
		};
/* End PBXContainerItemProxy section */

/* Begin PBXCopyFilesBuildPhase section */
		DFC9A4EFC02E78FBB3591D4E /* Embed Foundation Extensions */ = {
			isa = PBXCopyFilesBuildPhase;
			buildActionMask = 2147483647;
			dstPath = "";
			dstSubfolderSpec = 13;
			files = (
				DAF0403843ABB4D312E0AADA /* RelaxationWatchExtension.appex in Embed Foundation Extensions */,
			);
			name = "Embed Foundation Extensions";
			runOnlyForDeploymentPostprocessing = 0;
		};
		E1881E28F755ED7FE148BCCE /* Embed Watch Content */ = {
			isa = PBXCopyFilesBuildPhase;
			buildActionMask = 2147483647;
			dstPath = "$(CONTENTS_FOLDER_PATH)/Watch";
			dstSubfolderSpec = 16;
			files = (
				8C4C9CB3DBDB6BB7B9E5A8FF /* RelaxationWatchApp.app in Embed Watch Content */,
			);
			name = "Embed Watch Content";
			runOnlyForDeploymentPostprocessing = 0;
		};
/* End PBXCopyFilesBuildPhase section */

/* Begin PBXFileReference section */
		00D2461A90430C6101B32E67 /* RelaxationApp.app */ = {isa = PBXFileReference; includeInIndex = 0; lastKnownFileType = wrapper.application; path = RelaxationApp.app; sourceTree = BUILT_PRODUCTS_DIR; };
		05F501B9CB3918830C6CF2B4 /* WatchBreathingSessionView.swift */ = {isa = PBXFileReference; lastKnownFileType = sourcecode.swift; path = WatchBreathingSessionView.swift; sourceTree = "<group>"; };
		1D033BFD2D1DEB51A1B33104 /* BreathingPhase.swift */ = {isa = PBXFileReference; lastKnownFileType = sourcecode.swift; path = BreathingPhase.swift; sourceTree = "<group>"; };
		214F1C97BA7F8422CF229D67 /* HomeView.swift */ = {isa = PBXFileReference; lastKnownFileType = sourcecode.swift; path = HomeView.swift; sourceTree = "<group>"; };
		2B96C03FB1093FEC6EE1B678 /* RelaxationTheme.swift */ = {isa = PBXFileReference; lastKnownFileType = sourcecode.swift; path = RelaxationTheme.swift; sourceTree = "<group>"; };
		2E9936D699991D5B51238A1C /* BreathingView.swift */ = {isa = PBXFileReference; lastKnownFileType = sourcecode.swift; path = BreathingView.swift; sourceTree = "<group>"; };
		3ECDCCDF3610E7CC62EBC0BD /* WatchHomeView.swift */ = {isa = PBXFileReference; lastKnownFileType = sourcecode.swift; path = WatchHomeView.swift; sourceTree = "<group>"; };
		4A72C75180958234DFE6F93E /* SoundMode.swift */ = {isa = PBXFileReference; lastKnownFileType = sourcecode.swift; path = SoundMode.swift; sourceTree = "<group>"; };
		565E4E73E7FD4D85998D7F8D /* Info.plist */ = {isa = PBXFileReference; lastKnownFileType = text.plist; path = Info.plist; sourceTree = "<group>"; };
		60B23433FFBA0832FA8C3B54 /* WatchTheme.swift */ = {isa = PBXFileReference; lastKnownFileType = sourcecode.swift; path = WatchTheme.swift; sourceTree = "<group>"; };
		6CD2059661FC52C0C9DA3863 /* Info.plist */ = {isa = PBXFileReference; lastKnownFileType = text.plist; path = Info.plist; sourceTree = "<group>"; };
		744002A7502609DB44B28D7A /* BreathingMethod.swift */ = {isa = PBXFileReference; lastKnownFileType = sourcecode.swift; path = BreathingMethod.swift; sourceTree = "<group>"; };
		785084DC8F116786CF3B029C /* Assets.xcassets */ = {isa = PBXFileReference; lastKnownFileType = folder.assetcatalog; path = Assets.xcassets; sourceTree = "<group>"; };
		8E85B94C4FE8FD70200D04FD /* MethodCardView.swift */ = {isa = PBXFileReference; lastKnownFileType = sourcecode.swift; path = MethodCardView.swift; sourceTree = "<group>"; };
		9221D869BB4E0247BD3B9D83 /* RelaxationWatchApp.app */ = {isa = PBXFileReference; explicitFileType = wrapper.application; includeInIndex = 0; path = RelaxationWatchApp.app; sourceTree = BUILT_PRODUCTS_DIR; };
		BD8672DD74656C11E4AFF079 /* FeedbackService.swift */ = {isa = PBXFileReference; lastKnownFileType = sourcecode.swift; path = FeedbackService.swift; sourceTree = "<group>"; };
		BDA9DF487D46D80EB10E3750 /* RelaxationAppApp.swift */ = {isa = PBXFileReference; lastKnownFileType = sourcecode.swift; path = RelaxationAppApp.swift; sourceTree = "<group>"; };
		C07EA84CA6FB5F3E8ACE4B61 /* BreathingExerciseMath.swift */ = {isa = PBXFileReference; lastKnownFileType = sourcecode.swift; path = BreathingExerciseMath.swift; sourceTree = "<group>"; };
		C1A25B363A28CD5C6094737C /* Info.plist */ = {isa = PBXFileReference; lastKnownFileType = text.plist; path = Info.plist; sourceTree = "<group>"; };
		C9A73CAD34CD6ADEED4A87CE /* RelaxationWatchExtensionApp.swift */ = {isa = PBXFileReference; lastKnownFileType = sourcecode.swift; path = RelaxationWatchExtensionApp.swift; sourceTree = "<group>"; };
		D5FF45AC08D150CD3F0C7FB6 /* Assets.xcassets */ = {isa = PBXFileReference; lastKnownFileType = folder.assetcatalog; path = Assets.xcassets; sourceTree = "<group>"; };
		DB13650177ADF458447ED4A5 /* RelaxationWatchExtension.appex */ = {isa = PBXFileReference; explicitFileType = "wrapper.app-extension"; includeInIndex = 0; path = RelaxationWatchExtension.appex; sourceTree = BUILT_PRODUCTS_DIR; };
/* End PBXFileReference section */

/* Begin PBXGroup section */
		33D85439A7BE3AC9AD05CACD /* Services */ = {
			isa = PBXGroup;
			children = (
				BD8672DD74656C11E4AFF079 /* FeedbackService.swift */,
			);
			path = Services;
			sourceTree = "<group>";
		};
		38F3C2DC9110643A99B7514B /* RelaxationWatchApp */ = {
			isa = PBXGroup;
			children = (
				D5FF45AC08D150CD3F0C7FB6 /* Assets.xcassets */,
				C1A25B363A28CD5C6094737C /* Info.plist */,
			);
			name = RelaxationWatchApp;
			path = ../RelaxationWatchApp;
			sourceTree = "<group>";
		};
		41B0EA6E09BF4CD7DE611AD3 /* RelaxationWatchExtension */ = {
			isa = PBXGroup;
			children = (
				6CD2059661FC52C0C9DA3863 /* Info.plist */,
				C9A73CAD34CD6ADEED4A87CE /* RelaxationWatchExtensionApp.swift */,
				05F501B9CB3918830C6CF2B4 /* WatchBreathingSessionView.swift */,
				3ECDCCDF3610E7CC62EBC0BD /* WatchHomeView.swift */,
				60B23433FFBA0832FA8C3B54 /* WatchTheme.swift */,
			);
			name = RelaxationWatchExtension;
			path = ../RelaxationWatchExtension;
			sourceTree = "<group>";
		};
		462642D766C5612350E98038 /* Shared */ = {
			isa = PBXGroup;
			children = (
				C07EA84CA6FB5F3E8ACE4B61 /* BreathingExerciseMath.swift */,
			);
			name = Shared;
			path = ../Shared;
			sourceTree = "<group>";
		};
		67959CB668105934DD87CDB7 /* Views */ = {
			isa = PBXGroup;
			children = (
				2E9936D699991D5B51238A1C /* BreathingView.swift */,
				214F1C97BA7F8422CF229D67 /* HomeView.swift */,
				8E85B94C4FE8FD70200D04FD /* MethodCardView.swift */,
				2B96C03FB1093FEC6EE1B678 /* RelaxationTheme.swift */,
			);
			path = Views;
			sourceTree = "<group>";
		};
		6A9CDE29DC2366049C9DFB1D /* RelaxationApp */ = {
			isa = PBXGroup;
			children = (
				785084DC8F116786CF3B029C /* Assets.xcassets */,
				565E4E73E7FD4D85998D7F8D /* Info.plist */,
				BDA9DF487D46D80EB10E3750 /* RelaxationAppApp.swift */,
				83390886B8182F4C66B687C3 /* Models */,
				33D85439A7BE3AC9AD05CACD /* Services */,
				67959CB668105934DD87CDB7 /* Views */,
			);
			name = RelaxationApp;
			path = ../RelaxationApp;
			sourceTree = "<group>";
		};
		6C8BC1501936B71F44ED2207 = {
			isa = PBXGroup;
			children = (
				6A9CDE29DC2366049C9DFB1D /* RelaxationApp */,
				38F3C2DC9110643A99B7514B /* RelaxationWatchApp */,
				41B0EA6E09BF4CD7DE611AD3 /* RelaxationWatchExtension */,
				462642D766C5612350E98038 /* Shared */,
				7D5AFFA708E8B86A18779CD0 /* Products */,
			);
			sourceTree = "<group>";
		};
		7D5AFFA708E8B86A18779CD0 /* Products */ = {
			isa = PBXGroup;
			children = (
				00D2461A90430C6101B32E67 /* RelaxationApp.app */,
				9221D869BB4E0247BD3B9D83 /* RelaxationWatchApp.app */,
				DB13650177ADF458447ED4A5 /* RelaxationWatchExtension.appex */,
			);
			name = Products;
			sourceTree = "<group>";
		};
		83390886B8182F4C66B687C3 /* Models */ = {
			isa = PBXGroup;
			children = (
				744002A7502609DB44B28D7A /* BreathingMethod.swift */,
				1D033BFD2D1DEB51A1B33104 /* BreathingPhase.swift */,
				4A72C75180958234DFE6F93E /* SoundMode.swift */,
			);
			path = Models;
			sourceTree = "<group>";
		};
/* End PBXGroup section */

/* Begin PBXNativeTarget section */
		2A31755819EE6CC3343CDB52 /* RelaxationWatchApp */ = {
			isa = PBXNativeTarget;
			buildConfigurationList = 9A3822E50D3DC40DA3FE17C7 /* Build configuration list for PBXNativeTarget "RelaxationWatchApp" */;
			buildPhases = (
				CAF9AE2C8C2BE6AAB6A44537 /* Resources */,
				DFC9A4EFC02E78FBB3591D4E /* Embed Foundation Extensions */,
			);
			buildRules = (
			);
			dependencies = (
				E968FF7AC2DD45402FA3F80A /* PBXTargetDependency */,
			);
			name = RelaxationWatchApp;
			packageProductDependencies = (
			);
			productName = RelaxationWatchApp;
			productReference = 9221D869BB4E0247BD3B9D83 /* RelaxationWatchApp.app */;
			productType = "com.apple.product-type.application.watchapp2";
		};
		2E72D55C5052B968A7B3C7F0 /* RelaxationApp */ = {
			isa = PBXNativeTarget;
			buildConfigurationList = 1A2DEE4F32D58E715FCE2055 /* Build configuration list for PBXNativeTarget "RelaxationApp" */;
			buildPhases = (
				D149C3C3736D36CC43EC1C45 /* Sources */,
				D0129785A1D6F561813BBF78 /* Resources */,
				E1881E28F755ED7FE148BCCE /* Embed Watch Content */,
			);
			buildRules = (
			);
			dependencies = (
				2B7C9CF5CF185ADB950F6F1C /* PBXTargetDependency */,
			);
			name = RelaxationApp;
			packageProductDependencies = (
			);
			productName = RelaxationApp;
			productReference = 00D2461A90430C6101B32E67 /* RelaxationApp.app */;
			productType = "com.apple.product-type.application";
		};
		BEBA5216CB42BF35E578FF92 /* RelaxationWatchExtension */ = {
			isa = PBXNativeTarget;
			buildConfigurationList = F3D0369F77D8A8A95CDB96C6 /* Build configuration list for PBXNativeTarget "RelaxationWatchExtension" */;
			buildPhases = (
				82910C94C4DDF56296227666 /* Sources */,
			);
			buildRules = (
			);
			dependencies = (
			);
			name = RelaxationWatchExtension;
			packageProductDependencies = (
			);
			productName = RelaxationWatchExtension;
			productReference = DB13650177ADF458447ED4A5 /* RelaxationWatchExtension.appex */;
			productType = "com.apple.product-type.watchkit2-extension";
		};
/* End PBXNativeTarget section */

/* Begin PBXProject section */
		8AAFB5DD4D952206FDE3EB9D /* Project object */ = {
			isa = PBXProject;
			attributes = {
				BuildIndependentTargetsInParallel = YES;
				LastUpgradeCheck = 1430;
				TargetAttributes = {
					2A31755819EE6CC3343CDB52 = {
						DevelopmentTeam = UM3Z9G5DNH;
						ProvisioningStyle = Automatic;
					};
					2E72D55C5052B968A7B3C7F0 = {
						DevelopmentTeam = UM3Z9G5DNH;
						ProvisioningStyle = Automatic;
					};
					BEBA5216CB42BF35E578FF92 = {
						DevelopmentTeam = UM3Z9G5DNH;
						ProvisioningStyle = Automatic;
					};
				};
			};
			buildConfigurationList = 41BA3331C9F5AC7AA6D48611 /* Build configuration list for PBXProject "RelaxationApp" */;
			compatibilityVersion = "Xcode 14.0";
			developmentRegion = en;
			hasScannedForEncodings = 0;
			knownRegions = (
				Base,
				en,
			);
			mainGroup = 6C8BC1501936B71F44ED2207;
			minimizedProjectReferenceProxies = 1;
			preferredProjectObjectVersion = 77;
			projectDirPath = "";
			projectRoot = "";
			targets = (
				2E72D55C5052B968A7B3C7F0 /* RelaxationApp */,
				2A31755819EE6CC3343CDB52 /* RelaxationWatchApp */,
				BEBA5216CB42BF35E578FF92 /* RelaxationWatchExtension */,
			);
		};
/* End PBXProject section */

/* Begin PBXResourcesBuildPhase section */
		CAF9AE2C8C2BE6AAB6A44537 /* Resources */ = {
			isa = PBXResourcesBuildPhase;
			buildActionMask = 2147483647;
			files = (
				FEB8BCB33524D48D006C3AC8 /* Assets.xcassets in Resources */,
			);
			runOnlyForDeploymentPostprocessing = 0;
		};
		D0129785A1D6F561813BBF78 /* Resources */ = {
			isa = PBXResourcesBuildPhase;
			buildActionMask = 2147483647;
			files = (
				8607E013B0AD224F9618DF87 /* Assets.xcassets in Resources */,
			);
			runOnlyForDeploymentPostprocessing = 0;
		};
/* End PBXResourcesBuildPhase section */

/* Begin PBXSourcesBuildPhase section */
		82910C94C4DDF56296227666 /* Sources */ = {
			isa = PBXSourcesBuildPhase;
			buildActionMask = 2147483647;
			files = (
				3450F44044CC2FF00BAEF398 /* BreathingExerciseMath.swift in Sources */,
				ECCEBD35429DD8F4381EF5E0 /* BreathingMethod.swift in Sources */,
				E65ED63751AD7F49EA93F989 /* BreathingPhase.swift in Sources */,
				69AEF770C208C60B926F7F7B /* RelaxationWatchExtensionApp.swift in Sources */,
				6FEDB1E0E4A56F139431A858 /* SoundMode.swift in Sources */,
				EAF2F50D048BEE9F0768E456 /* WatchBreathingSessionView.swift in Sources */,
				89C30F96937B75C5E422B634 /* WatchHomeView.swift in Sources */,
				731650ABBF5F78DA97777E80 /* WatchTheme.swift in Sources */,
			);
			runOnlyForDeploymentPostprocessing = 0;
		};
		D149C3C3736D36CC43EC1C45 /* Sources */ = {
			isa = PBXSourcesBuildPhase;
			buildActionMask = 2147483647;
			files = (
				4AEFA6342E8B9EBF71480286 /* BreathingExerciseMath.swift in Sources */,
				4E7A20CF2D2C0A4DB2BA02CF /* BreathingMethod.swift in Sources */,
				56EA7B84CAA01528009DAFA7 /* BreathingPhase.swift in Sources */,
				6CFF1E6D6849BC9417FADB8A /* BreathingView.swift in Sources */,
				A689F08BB14AB0A406473E98 /* FeedbackService.swift in Sources */,
				E2EB985DC61AAB2D5B7AFC68 /* HomeView.swift in Sources */,
				F9AAB00963909AB312462930 /* MethodCardView.swift in Sources */,
				2C1EEA09DBA2CD7C3EC1FAFC /* RelaxationAppApp.swift in Sources */,
				D4604F2BDE6C775EC9C53470 /* RelaxationTheme.swift in Sources */,
				7A9824212557BC1D2CD33403 /* SoundMode.swift in Sources */,
			);
			runOnlyForDeploymentPostprocessing = 0;
		};
/* End PBXSourcesBuildPhase section */

/* Begin PBXTargetDependency section */
		2B7C9CF5CF185ADB950F6F1C /* PBXTargetDependency */ = {
			isa = PBXTargetDependency;
			target = 2A31755819EE6CC3343CDB52 /* RelaxationWatchApp */;
			targetProxy = B3C302A616C2BA5F2F9DCE14 /* PBXContainerItemProxy */;
		};
		E968FF7AC2DD45402FA3F80A /* PBXTargetDependency */ = {
			isa = PBXTargetDependency;
			target = BEBA5216CB42BF35E578FF92 /* RelaxationWatchExtension */;
			targetProxy = 163BC35B96B8E7268B742441 /* PBXContainerItemProxy */;
		};
/* End PBXTargetDependency section */

/* Begin XCBuildConfiguration section */
		07AE7516D3C8EC043E26052C /* Release */ = {
			isa = XCBuildConfiguration;
			buildSettings = {
				ASSETCATALOG_COMPILER_APPICON_NAME = AppIcon;
				CODE_SIGN_STYLE = Automatic;
				DEVELOPMENT_TEAM = UM3Z9G5DNH;
				INFOPLIST_FILE = RelaxationWatchApp/Info.plist;
				PRODUCT_BUNDLE_IDENTIFIER = com.local.relaxationapp.watchkitapp;
				PRODUCT_NAME = RelaxationWatchApp;
				SDKROOT = watchos;
				SKIP_INSTALL = YES;
				TARGETED_DEVICE_FAMILY = 4;
				WATCHOS_DEPLOYMENT_TARGET = 10.0;
			};
			name = Release;
		};
		1EC732ECB6769D99469E7479 /* Debug */ = {
			isa = XCBuildConfiguration;
			buildSettings = {
				ALWAYS_SEARCH_USER_PATHS = NO;
				CLANG_ANALYZER_NONNULL = YES;
				CLANG_ANALYZER_NUMBER_OBJECT_CONVERSION = YES_AGGRESSIVE;
				CLANG_CXX_LANGUAGE_STANDARD = "gnu++14";
				CLANG_CXX_LIBRARY = "libc++";
				CLANG_ENABLE_MODULES = YES;
				CLANG_ENABLE_OBJC_ARC = YES;
				CLANG_ENABLE_OBJC_WEAK = YES;
				CLANG_WARN_BLOCK_CAPTURE_AUTORELEASING = YES;
				CLANG_WARN_BOOL_CONVERSION = YES;
				CLANG_WARN_COMMA = YES;
				CLANG_WARN_CONSTANT_CONVERSION = YES;
				CLANG_WARN_DEPRECATED_OBJC_IMPLEMENTATIONS = YES;
				CLANG_WARN_DIRECT_OBJC_ISA_USAGE = YES_ERROR;
				CLANG_WARN_DOCUMENTATION_COMMENTS = YES;
				CLANG_WARN_EMPTY_BODY = YES;
				CLANG_WARN_ENUM_CONVERSION = YES;
				CLANG_WARN_INFINITE_RECURSION = YES;
				CLANG_WARN_INT_CONVERSION = YES;
				CLANG_WARN_NON_LITERAL_NULL_CONVERSION = YES;
				CLANG_WARN_OBJC_IMPLICIT_RETAIN_SELF = YES;
				CLANG_WARN_OBJC_LITERAL_CONVERSION = YES;
				CLANG_WARN_OBJC_ROOT_CLASS = YES_ERROR;
				CLANG_WARN_QUOTED_INCLUDE_IN_FRAMEWORK_HEADER = YES;
				CLANG_WARN_RANGE_LOOP_ANALYSIS = YES;
				CLANG_WARN_STRICT_PROTOTYPES = YES;
				CLANG_WARN_SUSPICIOUS_MOVE = YES;
				CLANG_WARN_UNGUARDED_AVAILABILITY = YES_AGGRESSIVE;
				CLANG_WARN_UNREACHABLE_CODE = YES;
				CLANG_WARN__DUPLICATE_METHOD_MATCH = YES;
				COPY_PHASE_STRIP = NO;
				DEBUG_INFORMATION_FORMAT = dwarf;
				ENABLE_STRICT_OBJC_MSGSEND = YES;
				ENABLE_TESTABILITY = YES;
				GCC_C_LANGUAGE_STANDARD = gnu11;
				GCC_DYNAMIC_NO_PIC = NO;
				GCC_NO_COMMON_BLOCKS = YES;
				GCC_OPTIMIZATION_LEVEL = 0;
				GCC_PREPROCESSOR_DEFINITIONS = (
					"$(inherited)",
					"DEBUG=1",
				);
				GCC_WARN_64_TO_32_BIT_CONVERSION = YES;
				GCC_WARN_ABOUT_RETURN_TYPE = YES_ERROR;
				GCC_WARN_UNDECLARED_SELECTOR = YES;
				GCC_WARN_UNINITIALIZED_AUTOS = YES_AGGRESSIVE;
				GCC_WARN_UNUSED_FUNCTION = YES;
				GCC_WARN_UNUSED_VARIABLE = YES;
				IPHONEOS_DEPLOYMENT_TARGET = 16.0;
				MTL_ENABLE_DEBUG_INFO = INCLUDE_SOURCE;
				MTL_FAST_MATH = YES;
				ONLY_ACTIVE_ARCH = YES;
				PRODUCT_NAME = "$(TARGET_NAME)";
				SWIFT_ACTIVE_COMPILATION_CONDITIONS = DEBUG;
				SWIFT_OPTIMIZATION_LEVEL = "-Onone";
				SWIFT_VERSION = 6.0;
				WATCHOS_DEPLOYMENT_TARGET = 10.0;
			};
			name = Debug;
		};
		424F628D11C72FB802B3C13D /* Release */ = {
			isa = XCBuildConfiguration;
			buildSettings = {
				ALWAYS_SEARCH_USER_PATHS = NO;
				CLANG_ANALYZER_NONNULL = YES;
				CLANG_ANALYZER_NUMBER_OBJECT_CONVERSION = YES_AGGRESSIVE;
				CLANG_CXX_LANGUAGE_STANDARD = "gnu++14";
				CLANG_CXX_LIBRARY = "libc++";
				CLANG_ENABLE_MODULES = YES;
				CLANG_ENABLE_OBJC_ARC = YES;
				CLANG_ENABLE_OBJC_WEAK = YES;
				CLANG_WARN_BLOCK_CAPTURE_AUTORELEASING = YES;
				CLANG_WARN_BOOL_CONVERSION = YES;
				CLANG_WARN_COMMA = YES;
				CLANG_WARN_CONSTANT_CONVERSION = YES;
				CLANG_WARN_DEPRECATED_OBJC_IMPLEMENTATIONS = YES;
				CLANG_WARN_DIRECT_OBJC_ISA_USAGE = YES_ERROR;
				CLANG_WARN_DOCUMENTATION_COMMENTS = YES;
				CLANG_WARN_EMPTY_BODY = YES;
				CLANG_WARN_ENUM_CONVERSION = YES;
				CLANG_WARN_INFINITE_RECURSION = YES;
				CLANG_WARN_INT_CONVERSION = YES;
				CLANG_WARN_NON_LITERAL_NULL_CONVERSION = YES;
				CLANG_WARN_OBJC_IMPLICIT_RETAIN_SELF = YES;
				CLANG_WARN_OBJC_LITERAL_CONVERSION = YES;
				CLANG_WARN_OBJC_ROOT_CLASS = YES_ERROR;
				CLANG_WARN_QUOTED_INCLUDE_IN_FRAMEWORK_HEADER = YES;
				CLANG_WARN_RANGE_LOOP_ANALYSIS = YES;
				CLANG_WARN_STRICT_PROTOTYPES = YES;
				CLANG_WARN_SUSPICIOUS_MOVE = YES;
				CLANG_WARN_UNGUARDED_AVAILABILITY = YES_AGGRESSIVE;
				CLANG_WARN_UNREACHABLE_CODE = YES;
				CLANG_WARN__DUPLICATE_METHOD_MATCH = YES;
				COPY_PHASE_STRIP = NO;
				DEBUG_INFORMATION_FORMAT = "dwarf-with-dsym";
				ENABLE_NS_ASSERTIONS = NO;
				ENABLE_STRICT_OBJC_MSGSEND = YES;
				GCC_C_LANGUAGE_STANDARD = gnu11;
				GCC_NO_COMMON_BLOCKS = YES;
				GCC_WARN_64_TO_32_BIT_CONVERSION = YES;
				GCC_WARN_ABOUT_RETURN_TYPE = YES_ERROR;
				GCC_WARN_UNDECLARED_SELECTOR = YES;
				GCC_WARN_UNINITIALIZED_AUTOS = YES_AGGRESSIVE;
				GCC_WARN_UNUSED_FUNCTION = YES;
				GCC_WARN_UNUSED_VARIABLE = YES;
				IPHONEOS_DEPLOYMENT_TARGET = 16.0;
				MTL_ENABLE_DEBUG_INFO = NO;
				MTL_FAST_MATH = YES;
				PRODUCT_NAME = "$(TARGET_NAME)";
				SWIFT_COMPILATION_MODE = wholemodule;
				SWIFT_OPTIMIZATION_LEVEL = "-O";
				SWIFT_VERSION = 6.0;
				WATCHOS_DEPLOYMENT_TARGET = 10.0;
			};
			name = Release;
		};
		4436468E3FC5646F1CC7793E /* Release */ = {
			isa = XCBuildConfiguration;
			buildSettings = {
				ASSETCATALOG_COMPILER_APPICON_NAME = AppIcon;
				CODE_SIGN_IDENTITY = "iPhone Developer";
				CODE_SIGN_STYLE = Automatic;
				DEVELOPMENT_TEAM = UM3Z9G5DNH;
				INFOPLIST_FILE = RelaxationApp/Info.plist;
				LD_RUNPATH_SEARCH_PATHS = (
					"$(inherited)",
					"@executable_path/Frameworks",
				);
				PRODUCT_BUNDLE_IDENTIFIER = com.local.relaxationapp;
				PRODUCT_NAME = RelaxationApp;
				SDKROOT = iphoneos;
				TARGETED_DEVICE_FAMILY = "1,2";
			};
			name = Release;
		};
		5412298713A335694B8D44C0 /* Release */ = {
			isa = XCBuildConfiguration;
			buildSettings = {
				ASSETCATALOG_COMPILER_COMPLICATION_NAME = Complication;
				CODE_SIGN_STYLE = Automatic;
				DEVELOPMENT_TEAM = UM3Z9G5DNH;
				INFOPLIST_FILE = RelaxationWatchExtension/Info.plist;
				LD_RUNPATH_SEARCH_PATHS = (
					"$(inherited)",
					"@executable_path/Frameworks",
					"@executable_path/../../Frameworks",
				);
				PRODUCT_BUNDLE_IDENTIFIER = com.local.relaxationapp.watchkitapp.watchkitextension;
				PRODUCT_NAME = RelaxationWatchExtension;
				SDKROOT = watchos;
				SKIP_INSTALL = YES;
				TARGETED_DEVICE_FAMILY = 4;
				WATCHOS_DEPLOYMENT_TARGET = 10.0;
				WK_APP_BUNDLE_IDENTIFIER = com.local.relaxationapp.watchkitapp;
			};
			name = Release;
		};
		606C0859B66C55A213A8E15A /* Debug */ = {
			isa = XCBuildConfiguration;
			buildSettings = {
				ASSETCATALOG_COMPILER_APPICON_NAME = AppIcon;
				CODE_SIGN_IDENTITY = "iPhone Developer";
				CODE_SIGN_STYLE = Automatic;
				DEVELOPMENT_TEAM = UM3Z9G5DNH;
				INFOPLIST_FILE = RelaxationApp/Info.plist;
				LD_RUNPATH_SEARCH_PATHS = (
					"$(inherited)",
					"@executable_path/Frameworks",
				);
				PRODUCT_BUNDLE_IDENTIFIER = com.local.relaxationapp;
				PRODUCT_NAME = RelaxationApp;
				SDKROOT = iphoneos;
				TARGETED_DEVICE_FAMILY = "1,2";
			};
			name = Debug;
		};
		BC40A845799FBE73EAE494B1 /* Debug */ = {
			isa = XCBuildConfiguration;
			buildSettings = {
				ASSETCATALOG_COMPILER_COMPLICATION_NAME = Complication;
				CODE_SIGN_STYLE = Automatic;
				DEVELOPMENT_TEAM = UM3Z9G5DNH;
				INFOPLIST_FILE = RelaxationWatchExtension/Info.plist;
				LD_RUNPATH_SEARCH_PATHS = (
					"$(inherited)",
					"@executable_path/Frameworks",
					"@executable_path/../../Frameworks",
				);
				PRODUCT_BUNDLE_IDENTIFIER = com.local.relaxationapp.watchkitapp.watchkitextension;
				PRODUCT_NAME = RelaxationWatchExtension;
				SDKROOT = watchos;
				SKIP_INSTALL = YES;
				TARGETED_DEVICE_FAMILY = 4;
				WATCHOS_DEPLOYMENT_TARGET = 10.0;
				WK_APP_BUNDLE_IDENTIFIER = com.local.relaxationapp.watchkitapp;
			};
			name = Debug;
		};
		E2827EC1DCD3BA7D3A3F3FE8 /* Debug */ = {
			isa = XCBuildConfiguration;
			buildSettings = {
				ASSETCATALOG_COMPILER_APPICON_NAME = AppIcon;
				CODE_SIGN_STYLE = Automatic;
				DEVELOPMENT_TEAM = UM3Z9G5DNH;
				INFOPLIST_FILE = RelaxationWatchApp/Info.plist;
				PRODUCT_BUNDLE_IDENTIFIER = com.local.relaxationapp.watchkitapp;
				PRODUCT_NAME = RelaxationWatchApp;
				SDKROOT = watchos;
				SKIP_INSTALL = YES;
				TARGETED_DEVICE_FAMILY = 4;
				WATCHOS_DEPLOYMENT_TARGET = 10.0;
			};
			name = Debug;
		};
/* End XCBuildConfiguration section */

/* Begin XCConfigurationList section */
		1A2DEE4F32D58E715FCE2055 /* Build configuration list for PBXNativeTarget "RelaxationApp" */ = {
			isa = XCConfigurationList;
			buildConfigurations = (
				606C0859B66C55A213A8E15A /* Debug */,
				4436468E3FC5646F1CC7793E /* Release */,
			);
			defaultConfigurationIsVisible = 0;
			defaultConfigurationName = Debug;
		};
		41BA3331C9F5AC7AA6D48611 /* Build configuration list for PBXProject "RelaxationApp" */ = {
			isa = XCConfigurationList;
			buildConfigurations = (
				1EC732ECB6769D99469E7479 /* Debug */,
				424F628D11C72FB802B3C13D /* Release */,
			);
			defaultConfigurationIsVisible = 0;
			defaultConfigurationName = Debug;
		};
		9A3822E50D3DC40DA3FE17C7 /* Build configuration list for PBXNativeTarget "RelaxationWatchApp" */ = {
			isa = XCConfigurationList;
			buildConfigurations = (
				E2827EC1DCD3BA7D3A3F3FE8 /* Debug */,
				07AE7516D3C8EC043E26052C /* Release */,
			);
			defaultConfigurationIsVisible = 0;
			defaultConfigurationName = Debug;
		};
		F3D0369F77D8A8A95CDB96C6 /* Build configuration list for PBXNativeTarget "RelaxationWatchExtension" */ = {
			isa = XCConfigurationList;
			buildConfigurations = (
				BC40A845799FBE73EAE494B1 /* Debug */,
				5412298713A335694B8D44C0 /* Release */,
			);
			defaultConfigurationIsVisible = 0;
			defaultConfigurationName = Debug;
		};
/* End XCConfigurationList section */
	};
	rootObject = 8AAFB5DD4D952206FDE3EB9D /* Project object */;
}
